
Microsoft Visual Studio Solution File, Format Version 12.00
# Visual Studio 15
Project("{FAE04EC0-301F-11D3-BF4B-00C04F79EFBC}") = "Assembly-CSharp", "Assembly-CSharp.csproj", "{C1F8A6A3-9A39-3C3E-75E5-3049C7C0B75A}"
EndProject
Project("{FAE04EC0-301F-11D3-BF4B-00C04F79EFBC}") = "Assembly-CSharp-Editor", "Assembly-CSharp-Editor.csproj", "{C41AD42A-2C0D-B825-BD32-09512DC1DC5F}"
EndProject
Global
	GlobalSection(SolutionConfigurationPlatforms) = preSolution
		Debug|Any CPU = Debug|Any CPU
		Release|Any CPU = Release|Any CPU
	EndGlobalSection
	GlobalSection(ProjectConfigurationPlatforms) = postSolution
		{C1F8A6A3-9A39-3C3E-75E5-3049C7C0B75A}.Debug|Any CPU.ActiveCfg = Debug|Any CPU
		{C1F8A6A3-9A39-3C3E-75E5-3049C7C0B75A}.Debug|Any CPU.Build.0 = Debug|Any CPU
		{C1F8A6A3-9A39-3C3E-75E5-3049C7C0B75A}.Release|Any CPU.ActiveCfg = Release|Any CPU
		{C1F8A6A3-9A39-3C3E-75E5-3049C7C0B75A}.Release|Any CPU.Build.0 = Release|Any CPU
		{C41AD42A-2C0D-B825-BD32-09512DC1DC5F}.Debug|Any CPU.ActiveCfg = Debug|Any CPU
		{C41AD42A-2C0D-B825-BD32-09512DC1DC5F}.Debug|Any CPU.Build.0 = Debug|Any CPU
		{C41AD42A-2C0D-B825-BD32-09512DC1DC5F}.Release|Any CPU.ActiveCfg = Release|Any CPU
		{C41AD42A-2C0D-B825-BD32-09512DC1DC5F}.Release|Any CPU.Build.0 = Release|Any CPU
	EndGlobalSection
	GlobalSection(SolutionProperties) = preSolution
		HideSolutionNode = FALSE
	EndGlobalSection
EndGlobal
